
Microsoft Visual Studio Solution File, Format Version 12.00
# Visual Studio Version 17
VisualStudioVersion = 17.9.34319.32
MinimumVisualStudioVersion = 10.0.40219.1
Project("{6EC3EE1D-3C4E-46DD-8F32-0CC8E7565705}") = "HanselminutesBot.Loader", "HanselminutesBot.Loader\HanselminutesBot.Loader.fsproj", "{50084473-4E10-4E7D-9357-449C36B00517}"
EndProject
Project("{F2A71F9B-5D33-465A-A702-920D77279786}") = "HanselminutesBot.Memory", "HanselminutesBot.Memory\HanselminutesBot.Memory.fsproj", "{F9D733EF-149E-4308-BBF6-82845A7779B2}"
EndProject
Project("{FAE04EC0-301F-11D3-BF4B-00C04F79EFBC}") = "HanselminutesBot.AppHost", "HanselminutesBot.AppHost\HanselminutesBot.AppHost.csproj", "{541271B2-9F75-4016-88A5-DC31FD0852A3}"
EndProject
Project("{9A19103F-16F7-4668-BE54-9A1E7A4F7556}") = "HanselminutesBot.ServiceDefaults", "HanselminutesBot.ServiceDefaults\HanselminutesBot.ServiceDefaults.csproj", "{FFD747E7-DD09-4AEC-8E67-D505D468FF36}"
EndProject
Global
	GlobalSection(SolutionConfigurationPlatforms) = preSolution
		Debug|Any CPU = Debug|Any CPU
		Release|Any CPU = Release|Any CPU
	EndGlobalSection
	GlobalSection(ProjectConfigurationPlatforms) = postSolution
		{50084473-4E10-4E7D-9357-449C36B00517}.Debug|Any CPU.ActiveCfg = Debug|Any CPU
		{50084473-4E10-4E7D-9357-449C36B00517}.Debug|Any CPU.Build.0 = Debug|Any CPU
		{50084473-4E10-4E7D-9357-449C36B00517}.Release|Any CPU.ActiveCfg = Release|Any CPU
		{50084473-4E10-4E7D-9357-449C36B00517}.Release|Any CPU.Build.0 = Release|Any CPU
		{F9D733EF-149E-4308-BBF6-82845A7779B2}.Debug|Any CPU.ActiveCfg = Debug|Any CPU
		{F9D733EF-149E-4308-BBF6-82845A7779B2}.Debug|Any CPU.Build.0 = Debug|Any CPU
		{F9D733EF-149E-4308-BBF6-82845A7779B2}.Release|Any CPU.ActiveCfg = Release|Any CPU
		{F9D733EF-149E-4308-BBF6-82845A7779B2}.Release|Any CPU.Build.0 = Release|Any CPU
		{541271B2-9F75-4016-88A5-DC31FD0852A3}.Debug|Any CPU.ActiveCfg = Debug|Any CPU
		{541271B2-9F75-4016-88A5-DC31FD0852A3}.Debug|Any CPU.Build.0 = Debug|Any CPU
		{541271B2-9F75-4016-88A5-DC31FD0852A3}.Release|Any CPU.ActiveCfg = Release|Any CPU
		{541271B2-9F75-4016-88A5-DC31FD0852A3}.Release|Any CPU.Build.0 = Release|Any CPU
		{FFD747E7-DD09-4AEC-8E67-D505D468FF36}.Debug|Any CPU.ActiveCfg = Debug|Any CPU
		{FFD747E7-DD09-4AEC-8E67-D505D468FF36}.Debug|Any CPU.Build.0 = Debug|Any CPU
		{FFD747E7-DD09-4AEC-8E67-D505D468FF36}.Release|Any CPU.ActiveCfg = Release|Any CPU
		{FFD747E7-DD09-4AEC-8E67-D505D468FF36}.Release|Any CPU.Build.0 = Release|Any CPU
	EndGlobalSection
	GlobalSection(SolutionProperties) = preSolution
		HideSolutionNode = FALSE
	EndGlobalSection
	GlobalSection(ExtensibilityGlobals) = postSolution
		SolutionGuid = {FBE5DB0A-626A-4FED-8CC5-601B03FDC838}
	EndGlobalSection
EndGlobal
