
Microsoft Visual Studio Solution File, Format Version 12.00
# Visual Studio Version 17
VisualStudioVersion = 17.9.34319.32
MinimumVisualStudioVersion = 10.0.40219.1
Project("{F2A71F9B-5D33-465A-A702-920D77279786}") = "HanselminutesBot.Loader", "HanselminutesBot.Loader\HanselminutesBot.Loader.fsproj", "{50084473-4E10-4E7D-9357-449C36B00517}"
EndProject
Global
	GlobalSection(SolutionConfigurationPlatforms) = preSolution
		Debug|Any CPU = Debug|Any CPU
		Release|Any CPU = Release|Any CPU
	EndGlobalSection
	GlobalSection(ProjectConfigurationPlatforms) = postSolution
		{50084473-4E10-4E7D-9357-449C36B00517}.Debug|Any CPU.ActiveCfg = Debug|Any CPU
		{50084473-4E10-4E7D-9357-449C36B00517}.Debug|Any CPU.Build.0 = Debug|Any CPU
		{50084473-4E10-4E7D-9357-449C36B00517}.Release|Any CPU.ActiveCfg = Release|Any CPU
		{50084473-4E10-4E7D-9357-449C36B00517}.Release|Any CPU.Build.0 = Release|Any CPU
	EndGlobalSection
	GlobalSection(SolutionProperties) = preSolution
		HideSolutionNode = FALSE
	EndGlobalSection
	GlobalSection(ExtensibilityGlobals) = postSolution
		SolutionGuid = {FBE5DB0A-626A-4FED-8CC5-601B03FDC838}
	EndGlobalSection
EndGlobal
